Microsoft Visual Studio Solution File, Format Version 12.00
# Visual Studio Version 18
VisualStudioVersion = 18.0.11111.16
MinimumVisualStudioVersion = 10.0.40219.1
Project("{FAE04EC0-301F-11D3-BF4B-00C04F79EFBC}") = "NulllogiconeCore", "NulllogiconeCore\NulllogiconeCore\NulllogiconeCore.csproj", "{3305E0DA-01F0-0FD4-0CD0-32171791635C}"
EndProject
Global
	GlobalSection(SolutionConfigurationPlatforms) = preSolution
		azure|Any CPU = azure|Any CPU
		Debug|Any CPU = Debug|Any CPU
		nulllogic|Any CPU = nulllogic|Any CPU
		Release|Any CPU = Release|Any CPU
	EndGlobalSection
	GlobalSection(ProjectConfigurationPlatforms) = postSolution
		{3305E0DA-01F0-0FD4-0CD0-32171791635C}.azure|Any CPU.ActiveCfg = Debug|Any CPU
		{3305E0DA-01F0-0FD4-0CD0-32171791635C}.azure|Any CPU.Build.0 = Debug|Any CPU
		{3305E0DA-01F0-0FD4-0CD0-32171791635C}.Debug|Any CPU.ActiveCfg = Debug|Any CPU
		{3305E0DA-01F0-0FD4-0CD0-32171791635C}.Debug|Any CPU.Build.0 = Debug|Any CPU
		{3305E0DA-01F0-0FD4-0CD0-32171791635C}.nulllogic|Any CPU.ActiveCfg = Debug|Any CPU
		{3305E0DA-01F0-0FD4-0CD0-32171791635C}.nulllogic|Any CPU.Build.0 = Debug|Any CPU
		{3305E0DA-01F0-0FD4-0CD0-32171791635C}.Release|Any CPU.ActiveCfg = Release|Any CPU
		{3305E0DA-01F0-0FD4-0CD0-32171791635C}.Release|Any CPU.Build.0 = Release|Any CPU
	EndGlobalSection
	GlobalSection(SolutionProperties) = preSolution
		HideSolutionNode = FALSE
	EndGlobalSection
	GlobalSection(ExtensibilityGlobals) = postSolution
		VisualSVNWorkingCopyRoot = .
		SolutionGuid = {AFE8F79C-503F-4BF6-ABBE-8F4DBB0A7EA3}
	EndGlobalSection
EndGlobal
