Microsoft Visual Studio Solution File, Format Version 12.00
# Visual Studio 2012
Project("{FAE04EC0-301F-11D3-BF4B-00C04F79EFBC}") = "OliEngine", "OliEngine.csproj", "{F1A21013-B341-47DC-9D35-816308386106}"
EndProject
Global
	GlobalSection(SolutionConfigurationPlatforms) = preSolution
		Debug|Any CPU = Debug|Any CPU
		Release|Any CPU = Release|Any CPU
		XML-Release|Any CPU = XML-Release|Any CPU
	EndGlobalSection
	GlobalSection(ProjectConfigurationPlatforms) = postSolution
		{F1A21013-B341-47DC-9D35-816308386106}.Debug|Any CPU.ActiveCfg = Debug|Any CPU
		{F1A21013-B341-47DC-9D35-816308386106}.Debug|Any CPU.Build.0 = Debug|Any CPU
		{F1A21013-B341-47DC-9D35-816308386106}.Release|Any CPU.ActiveCfg = Release|Any CPU
		{F1A21013-B341-47DC-9D35-816308386106}.Release|Any CPU.Build.0 = Release|Any CPU
		{F1A21013-B341-47DC-9D35-816308386106}.XML-Release|Any CPU.ActiveCfg = Release|Any CPU
		{F1A21013-B341-47DC-9D35-816308386106}.XML-Release|Any CPU.Build.0 = Release|Any CPU
	EndGlobalSection
	GlobalSection(SolutionProperties) = preSolution
		HideSolutionNode = FALSE
	EndGlobalSection
	GlobalSection(ExtensibilityGlobals) = postSolution
		ObjectiFSystem = C:\Programme\microTOOL\objectiF\Systems\OliEngine
		VisualSVNWorkingCopyRoot = .
	EndGlobalSection
EndGlobal

